
Microsoft Visual Studio Solution File, Format Version 12.00
# Visual Studio Version 17
VisualStudioVersion = 17.13.35931.197
MinimumVisualStudioVersion = 10.0.40219.1
Project("{FAE04EC0-301F-11D3-BF4B-00C04F79EFBC}") = "data type", "data type\data type.csproj", "{7A1BF695-CD41-45CC-892B-254FF1998A60}"
EndProject
Project("{FAE04EC0-301F-11D3-BF4B-00C04F79EFBC}") = "data type1", "data type1\data type1.csproj", "{CEB81CCC-60CF-4FAD-AAF3-4CAA3CB2216C}"
EndProject
Project("{FAE04EC0-301F-11D3-BF4B-00C04F79EFBC}") = "data type2", "data type2\data type2.csproj", "{69CD25DA-5BCB-48FC-B930-D9156BE6B7A4}"
EndProject
Global
	GlobalSection(SolutionConfigurationPlatforms) = preSolution
		Debug|Any CPU = Debug|Any CPU
		Release|Any CPU = Release|Any CPU
	EndGlobalSection
	GlobalSection(ProjectConfigurationPlatforms) = postSolution
		{7A1BF695-CD41-45CC-892B-254FF1998A60}.Debug|Any CPU.ActiveCfg = Debug|Any CPU
		{7A1BF695-CD41-45CC-892B-254FF1998A60}.Debug|Any CPU.Build.0 = Debug|Any CPU
		{7A1BF695-CD41-45CC-892B-254FF1998A60}.Release|Any CPU.ActiveCfg = Release|Any CPU
		{7A1BF695-CD41-45CC-892B-254FF1998A60}.Release|Any CPU.Build.0 = Release|Any CPU
		{CEB81CCC-60CF-4FAD-AAF3-4CAA3CB2216C}.Debug|Any CPU.ActiveCfg = Debug|Any CPU
		{CEB81CCC-60CF-4FAD-AAF3-4CAA3CB2216C}.Debug|Any CPU.Build.0 = Debug|Any CPU
		{CEB81CCC-60CF-4FAD-AAF3-4CAA3CB2216C}.Release|Any CPU.ActiveCfg = Release|Any CPU
		{CEB81CCC-60CF-4FAD-AAF3-4CAA3CB2216C}.Release|Any CPU.Build.0 = Release|Any CPU
		{69CD25DA-5BCB-48FC-B930-D9156BE6B7A4}.Debug|Any CPU.ActiveCfg = Debug|Any CPU
		{69CD25DA-5BCB-48FC-B930-D9156BE6B7A4}.Debug|Any CPU.Build.0 = Debug|Any CPU
		{69CD25DA-5BCB-48FC-B930-D9156BE6B7A4}.Release|Any CPU.ActiveCfg = Release|Any CPU
		{69CD25DA-5BCB-48FC-B930-D9156BE6B7A4}.Release|Any CPU.Build.0 = Release|Any CPU
	EndGlobalSection
	GlobalSection(SolutionProperties) = preSolution
		HideSolutionNode = FALSE
	EndGlobalSection
	GlobalSection(ExtensibilityGlobals) = postSolution
		SolutionGuid = {DBAB03F2-BE30-49EB-A7D7-FD0BE960A752}
	EndGlobalSection
EndGlobal
