
Microsoft Visual Studio Solution File, Format Version 12.00
# Visual Studio Version 17
VisualStudioVersion = 17.13.35931.197 d17.13
MinimumVisualStudioVersion = 10.0.40219.1
Project("{FAE04EC0-301F-11D3-BF4B-00C04F79EFBC}") = "Exceptiontask1", "Execeptiontask1\Exceptiontask1.csproj", "{37037139-5488-49AD-8A5A-FCDDD1A4FE7C}"
EndProject
Project("{FAE04EC0-301F-11D3-BF4B-00C04F79EFBC}") = "Exceptiontask3", "Exceptiontask3\Exceptiontask3.csproj", "{7FF66BCE-5AF8-458D-95F4-65B4D8100776}"
EndProject
Project("{FAE04EC0-301F-11D3-BF4B-00C04F79EFBC}") = "Exceptiontask4", "Exceptiontask4\Exceptiontask4.csproj", "{60616831-A4D3-4B11-ADD4-A1EDFD1A7D73}"
EndProject
Global
	GlobalSection(SolutionConfigurationPlatforms) = preSolution
		Debug|Any CPU = Debug|Any CPU
		Release|Any CPU = Release|Any CPU
	EndGlobalSection
	GlobalSection(ProjectConfigurationPlatforms) = postSolution
		{37037139-5488-49AD-8A5A-FCDDD1A4FE7C}.Debug|Any CPU.ActiveCfg = Debug|Any CPU
		{37037139-5488-49AD-8A5A-FCDDD1A4FE7C}.Debug|Any CPU.Build.0 = Debug|Any CPU
		{37037139-5488-49AD-8A5A-FCDDD1A4FE7C}.Release|Any CPU.ActiveCfg = Release|Any CPU
		{37037139-5488-49AD-8A5A-FCDDD1A4FE7C}.Release|Any CPU.Build.0 = Release|Any CPU
		{7FF66BCE-5AF8-458D-95F4-65B4D8100776}.Debug|Any CPU.ActiveCfg = Debug|Any CPU
		{7FF66BCE-5AF8-458D-95F4-65B4D8100776}.Debug|Any CPU.Build.0 = Debug|Any CPU
		{7FF66BCE-5AF8-458D-95F4-65B4D8100776}.Release|Any CPU.ActiveCfg = Release|Any CPU
		{7FF66BCE-5AF8-458D-95F4-65B4D8100776}.Release|Any CPU.Build.0 = Release|Any CPU
		{60616831-A4D3-4B11-ADD4-A1EDFD1A7D73}.Debug|Any CPU.ActiveCfg = Debug|Any CPU
		{60616831-A4D3-4B11-ADD4-A1EDFD1A7D73}.Debug|Any CPU.Build.0 = Debug|Any CPU
		{60616831-A4D3-4B11-ADD4-A1EDFD1A7D73}.Release|Any CPU.ActiveCfg = Release|Any CPU
		{60616831-A4D3-4B11-ADD4-A1EDFD1A7D73}.Release|Any CPU.Build.0 = Release|Any CPU
	EndGlobalSection
	GlobalSection(SolutionProperties) = preSolution
		HideSolutionNode = FALSE
	EndGlobalSection
	GlobalSection(ExtensibilityGlobals) = postSolution
		SolutionGuid = {CE7AC0FC-6095-48D6-A1B0-7FAB59FFBDFF}
	EndGlobalSection
EndGlobal
